
Microsoft Visual Studio Solution File, Format Version 11.00
# Visual Studio 2010
Project("{FAE04EC0-301F-11D3-BF4B-00C04F79EFBC}") = "Assembly-CSharp", "Assembly-CSharp.csproj", "{2B6D3AC4-F467-7B5E-7D42-8A963E03386C}"
EndProject
Project("{FAE04EC0-301F-11D3-BF4B-00C04F79EFBC}") = "Assembly-CSharp-Editor", "Assembly-CSharp-Editor.csproj", "{32B04E5A-BF95-512F-E53C-1A8CB4488BA1}"
EndProject
Global
	GlobalSection(SolutionConfigurationPlatforms) = preSolution
		Debug|Any CPU = Debug|Any CPU
		Release|Any CPU = Release|Any CPU
	EndGlobalSection
	GlobalSection(ProjectConfigurationPlatforms) = postSolution
		{2B6D3AC4-F467-7B5E-7D42-8A963E03386C}.Debug|Any CPU.ActiveCfg = Debug|Any CPU
		{2B6D3AC4-F467-7B5E-7D42-8A963E03386C}.Debug|Any CPU.Build.0 = Debug|Any CPU
		{2B6D3AC4-F467-7B5E-7D42-8A963E03386C}.Release|Any CPU.ActiveCfg = Release|Any CPU
		{2B6D3AC4-F467-7B5E-7D42-8A963E03386C}.Release|Any CPU.Build.0 = Release|Any CPU
		{32B04E5A-BF95-512F-E53C-1A8CB4488BA1}.Debug|Any CPU.ActiveCfg = Debug|Any CPU
		{32B04E5A-BF95-512F-E53C-1A8CB4488BA1}.Debug|Any CPU.Build.0 = Debug|Any CPU
		{32B04E5A-BF95-512F-E53C-1A8CB4488BA1}.Release|Any CPU.ActiveCfg = Release|Any CPU
		{32B04E5A-BF95-512F-E53C-1A8CB4488BA1}.Release|Any CPU.Build.0 = Release|Any CPU
	EndGlobalSection
	GlobalSection(SolutionProperties) = preSolution
		HideSolutionNode = FALSE
	EndGlobalSection
EndGlobal
